
Microsoft Visual Studio Solution File, Format Version 12.00
# Visual Studio Version 17
VisualStudioVersion = 17.13.35919.96 d17.13
MinimumVisualStudioVersion = 10.0.40219.1
Project("{FAE04EC0-301F-11D3-BF4B-00C04F79EFBC}") = "Project4", "Project4\Project4.csproj", "{6E0FD394-5378-4C4F-A44C-0AC59355F11C}"
EndProject
Global
	GlobalSection(SolutionConfigurationPlatforms) = preSolution
		Debug|Any CPU = Debug|Any CPU
		Release|Any CPU = Release|Any CPU
	EndGlobalSection
	GlobalSection(ProjectConfigurationPlatforms) = postSolution
		{6E0FD394-5378-4C4F-A44C-0AC59355F11C}.Debug|Any CPU.ActiveCfg = Debug|Any CPU
		{6E0FD394-5378-4C4F-A44C-0AC59355F11C}.Debug|Any CPU.Build.0 = Debug|Any CPU
		{6E0FD394-5378-4C4F-A44C-0AC59355F11C}.Release|Any CPU.ActiveCfg = Release|Any CPU
		{6E0FD394-5378-4C4F-A44C-0AC59355F11C}.Release|Any CPU.Build.0 = Release|Any CPU
	EndGlobalSection
	GlobalSection(SolutionProperties) = preSolution
		HideSolutionNode = FALSE
	EndGlobalSection
	GlobalSection(ExtensibilityGlobals) = postSolution
		SolutionGuid = {2D158AE9-4F17-4102-80C9-2CFD8791BD76}
	EndGlobalSection
EndGlobal
